<?xml version="1.0" encoding="utf-8"?>
<Project ToolsVersion="4.0" xmlns="http://schemas.microsoft.com/developer/msbuild/2003">
  <ItemGroup>
    <Filter Include="源文件">
      <UniqueIdentifier>{4FC737F1-C7A5-4376-A066-2A32D752A2FF}</UniqueIdentifier>
      <Extensions>cpp;c;cc;cxx;def;odl;idl;hpj;bat;asm;asmx</Extensions>
    </Filter>
    <Filter Include="头文件">
      <UniqueIdentifier>{93995380-89BD-4b04-88EB-625FBE52EBFB}</UniqueIdentifier>
      <Extensions>h;hh;hpp;hxx;hm;inl;inc;ipp;xsd</Extensions>
    </Filter>
    <Filter Include="资源文件">
      <UniqueIdentifier>{67DA6AB6-F800-4c08-8B7A-83BB121AAD01}</UniqueIdentifier>
      <Extensions>rc;ico;cur;bmp;dlg;rc2;rct;bin;rgs;gif;jpg;jpeg;jpe;resx;tiff;tif;png;wav;mfcribbon-ms</Extensions>
    </Filter>
  </ItemGroup>
  <ItemGroup>
    <Text Include="Readme" />
    <Text Include="boot\build\obji386\Placeholder.txt" />
    <Text Include="build\target\Placeholder.txt" />
    <Text Include="setup\build\obji386\Placeholder.txt" />
    <Text Include="kernel\build\obji386\Placeholder.txt" />
  </ItemGroup>
  <ItemGroup>
    <None Include="boot\i386\utils.inc">
      <Filter>头文件</Filter>
    </None>
    <None Include="boot\i386\bootmgr.asm">
      <Filter>源文件</Filter>
    </None>
    <None Include="install\install.bat">
      <Filter>源文件</Filter>
    </None>
    <None Include="install\MakeVHD.bat">
      <Filter>源文件</Filter>
    </None>
    <None Include="install\mount.bat">
      <Filter>源文件</Filter>
    </None>
    <None Include="install\unmount.bat">
      <Filter>源文件</Filter>
    </None>
    <None Include="include\asm\asm.inc">
      <Filter>头文件</Filter>
    </None>
    <None Include="include\asm\fat32.inc">
      <Filter>头文件</Filter>
    </None>
    <None Include="include\asm\systemdata.inc">
      <Filter>头文件</Filter>
    </None>
    <None Include="include\asm\vga.inc">
      <Filter>头文件</Filter>
    </None>
    <None Include="include\asm\x86Common.inc">
      <Filter>头文件</Filter>
    </None>
  </ItemGroup>
  <ItemGroup>
    <ClInclude Include="setup\setup.h">
      <Filter>头文件</Filter>
    </ClInclude>
    <ClInclude Include="include\klib\Kememory.h">
      <Filter>头文件</Filter>
    </ClInclude>
    <ClInclude Include="include\fs\Pe.h">
      <Filter>头文件</Filter>
    </ClInclude>
    <ClInclude Include="include\lib\Bitmap.h">
      <Filter>头文件</Filter>
    </ClInclude>
    <ClInclude Include="include\lib\CList.h">
      <Filter>头文件</Filter>
    </ClInclude>
    <ClInclude Include="include\lib\CListEntry.h">
      <Filter>头文件</Filter>
    </ClInclude>
    <ClInclude Include="include\mm\PhysicalPageAllocator.h">
      <Filter>头文件</Filter>
    </ClInclude>
    <ClInclude Include="include\mm\Zone.h">
      <Filter>头文件</Filter>
    </ClInclude>
    <ClInclude Include="include\mm\PhysicalPage.h">
      <Filter>头文件</Filter>
    </ClInclude>
    <ClInclude Include="include\mm\Mm.h">
      <Filter>头文件</Filter>
    </ClInclude>
    <ClInclude Include="include\Status.h">
      <Filter>头文件</Filter>
    </ClInclude>
    <ClInclude Include="include\Types.h">
      <Filter>头文件</Filter>
    </ClInclude>
    <ClInclude Include="include\mm\Page.h">
      <Filter>头文件</Filter>
    </ClInclude>
    <ClInclude Include="include\mm\Pool.h">
      <Filter>头文件</Filter>
    </ClInclude>
    <ClInclude Include="include\mm\NaivePool.h">
      <Filter>头文件</Filter>
    </ClInclude>
  </ItemGroup>
  <ItemGroup>
    <ClCompile Include="kernel\main.cpp">
      <Filter>源文件</Filter>
    </ClCompile>
    <ClCompile Include="setup\main.cpp">
      <Filter>源文件</Filter>
    </ClCompile>
    <ClCompile Include="lib\Bitmap.cpp">
      <Filter>源文件</Filter>
    </ClCompile>
    <ClCompile Include="lib\CList.cpp">
      <Filter>源文件</Filter>
    </ClCompile>
    <ClCompile Include="klib\i386\Kememory.cpp">
      <Filter>源文件</Filter>
    </ClCompile>
    <ClCompile Include="mm\PhysicalPage.cpp">
      <Filter>源文件</Filter>
    </ClCompile>
    <ClCompile Include="mm\Zone.cpp">
      <Filter>源文件</Filter>
    </ClCompile>
    <ClCompile Include="lib\New.cpp">
      <Filter>源文件</Filter>
    </ClCompile>
    <ClCompile Include="mm\NaivePool.cpp">
      <Filter>源文件</Filter>
    </ClCompile>
  </ItemGroup>
</Project>