<?xml version="1.0" encoding="utf-8"?>
<Project ToolsVersion="4.0" xmlns="http://schemas.microsoft.com/developer/msbuild/2003">
  <ItemGroup>
    <Filter Include="源文件">
      <UniqueIdentifier>{4FC737F1-C7A5-4376-A066-2A32D752A2FF}</UniqueIdentifier>
      <Extensions>cpp;c;cc;cxx;def;odl;idl;hpj;bat;asm;asmx</Extensions>
    </Filter>
    <Filter Include="头文件">
      <UniqueIdentifier>{93995380-89BD-4b04-88EB-625FBE52EBFB}</UniqueIdentifier>
      <Extensions>h;hh;hpp;hxx;hm;inl;inc;ipp;xsd</Extensions>
    </Filter>
    <Filter Include="资源文件">
      <UniqueIdentifier>{67DA6AB6-F800-4c08-8B7A-83BB121AAD01}</UniqueIdentifier>
      <Extensions>rc;ico;cur;bmp;dlg;rc2;rct;bin;rgs;gif;jpg;jpeg;jpe;resx;tiff;tif;png;wav;mfcribbon-ms</Extensions>
    </Filter>
  </ItemGroup>
  <ItemGroup>
    <Text Include="Readme" />
    <Text Include="boot\build\obji386\Placeholder.txt" />
    <Text Include="build\target\Placeholder.txt" />
    <Text Include="setup\build\obji386\Placeholder.txt" />
    <Text Include="kernel\build\obji386\Placeholder.txt" />
    <Text Include="graphic\build\obji386\Placeholder.txt" />
    <Text Include="klib\i386\CPUA.asm" />
  </ItemGroup>
  <ItemGroup>
    <None Include="boot\i386\utils.inc">
      <Filter>头文件</Filter>
    </None>
    <None Include="boot\i386\bootmgr.asm">
      <Filter>源文件</Filter>
    </None>
    <None Include="install\install.bat">
      <Filter>源文件</Filter>
    </None>
    <None Include="install\MakeVHD.bat">
      <Filter>源文件</Filter>
    </None>
    <None Include="install\mount.bat">
      <Filter>源文件</Filter>
    </None>
    <None Include="install\unmount.bat">
      <Filter>源文件</Filter>
    </None>
    <None Include="include\asm\asm.inc">
      <Filter>头文件</Filter>
    </None>
    <None Include="include\asm\fat32.inc">
      <Filter>头文件</Filter>
    </None>
    <None Include="include\asm\systemdata.inc">
      <Filter>头文件</Filter>
    </None>
    <None Include="include\asm\vga.inc">
      <Filter>头文件</Filter>
    </None>
    <None Include="include\asm\x86Common.inc">
      <Filter>头文件</Filter>
    </None>
    <None Include="klib\i386\Atomic.asm">
      <Filter>源文件</Filter>
    </None>
    <None Include="mm\i386\Page.asm">
      <Filter>源文件</Filter>
    </None>
    <None Include="interrupt\i386\Interrupt.asm">
      <Filter>源文件</Filter>
    </None>
  </ItemGroup>
  <ItemGroup>
    <ClInclude Include="setup\setup.h">
      <Filter>头文件</Filter>
    </ClInclude>
    <ClInclude Include="include\fs\Pe.h">
      <Filter>头文件</Filter>
    </ClInclude>
    <ClInclude Include="include\lib\Bitmap.h">
      <Filter>头文件</Filter>
    </ClInclude>
    <ClInclude Include="include\lib\CList.h">
      <Filter>头文件</Filter>
    </ClInclude>
    <ClInclude Include="include\lib\CListEntry.h">
      <Filter>头文件</Filter>
    </ClInclude>
    <ClInclude Include="include\mm\Zone.h">
      <Filter>头文件</Filter>
    </ClInclude>
    <ClInclude Include="include\mm\Mm.h">
      <Filter>头文件</Filter>
    </ClInclude>
    <ClInclude Include="include\Status.h">
      <Filter>头文件</Filter>
    </ClInclude>
    <ClInclude Include="include\Types.h">
      <Filter>头文件</Filter>
    </ClInclude>
    <ClInclude Include="include\mm\Page.h">
      <Filter>头文件</Filter>
    </ClInclude>
    <ClInclude Include="include\mm\Pool.h">
      <Filter>头文件</Filter>
    </ClInclude>
    <ClInclude Include="include\mm\NaivePool.h">
      <Filter>头文件</Filter>
    </ClInclude>
    <ClInclude Include="include\global\OS.h">
      <Filter>头文件</Filter>
    </ClInclude>
    <ClInclude Include="include\synchron\Atomic.h">
      <Filter>头文件</Filter>
    </ClInclude>
    <ClInclude Include="include\graphic\Graphic.h">
      <Filter>头文件</Filter>
    </ClInclude>
    <ClInclude Include="include\graphic\Font.h">
      <Filter>头文件</Filter>
    </ClInclude>
    <ClInclude Include="include\graphic\DotFont.h">
      <Filter>头文件</Filter>
    </ClInclude>
    <ClInclude Include="include\graphic\Container.h">
      <Filter>头文件</Filter>
    </ClInclude>
    <ClInclude Include="include\graphic\Rect.h">
      <Filter>头文件</Filter>
    </ClInclude>
    <ClInclude Include="include\graphic\Console.h">
      <Filter>头文件</Filter>
    </ClInclude>
    <ClInclude Include="include\mm\BucketPool.h">
      <Filter>头文件</Filter>
    </ClInclude>
    <ClInclude Include="include\lib\CString.h">
      <Filter>头文件</Filter>
    </ClInclude>
    <ClInclude Include="include\lib\Memory.h">
      <Filter>头文件</Filter>
    </ClInclude>
    <ClInclude Include="include\interrupt\Interrrupt.h">
      <Filter>头文件</Filter>
    </ClInclude>
    <ClInclude Include="include\arch\CPU.h">
      <Filter>头文件</Filter>
    </ClInclude>
    <ClInclude Include="include\arch\KernelTables.h">
      <Filter>头文件</Filter>
    </ClInclude>
    <ClInclude Include="include\arch\i386\Descritpor.h">
      <Filter>头文件</Filter>
    </ClInclude>
    <ClInclude Include="include\interrupt\i386\i386Interrupt.h">
      <Filter>头文件</Filter>
    </ClInclude>
    <ClInclude Include="include\global\BootParam.h">
      <Filter>头文件</Filter>
    </ClInclude>
    <ClInclude Include="include\mm\PageMapper.h">
      <Filter>头文件</Filter>
    </ClInclude>
    <ClInclude Include="include\mm\PageAllocator.h">
      <Filter>头文件</Filter>
    </ClInclude>
    <ClInclude Include="include\mm\PhysicalPageAllocator.h">
      <Filter>头文件</Filter>
    </ClInclude>
    <ClInclude Include="include\mm\VirtualMemoryManager.h">
      <Filter>头文件</Filter>
    </ClInclude>
    <ClInclude Include="include\arch\i386\SystemTables.h">
      <Filter>头文件</Filter>
    </ClInclude>
    <ClInclude Include="kernel\Kernel.h">
      <Filter>头文件</Filter>
    </ClInclude>
    <ClInclude Include="include\interrupt\TrapFrame.h">
      <Filter>头文件</Filter>
    </ClInclude>
    <ClInclude Include="include\arch\IO.h">
      <Filter>头文件</Filter>
    </ClInclude>
    <ClInclude Include="include\interrupt\InterruptController.h">
      <Filter>头文件</Filter>
    </ClInclude>
    <ClInclude Include="include\interrupt\i386\I82C59AInterruptController.h">
      <Filter>头文件</Filter>
    </ClInclude>
    <ClInclude Include="include\interrupt\Interrupter.h">
      <Filter>头文件</Filter>
    </ClInclude>
    <ClInclude Include="include\interrupt\IRQ.h">
      <Filter>头文件</Filter>
    </ClInclude>
  </ItemGroup>
  <ItemGroup>
    <ClCompile Include="kernel\main.cpp">
      <Filter>源文件</Filter>
    </ClCompile>
    <ClCompile Include="setup\main.cpp">
      <Filter>源文件</Filter>
    </ClCompile>
    <ClCompile Include="lib\Bitmap.cpp">
      <Filter>源文件</Filter>
    </ClCompile>
    <ClCompile Include="lib\CList.cpp">
      <Filter>源文件</Filter>
    </ClCompile>
    <ClCompile Include="mm\Zone.cpp">
      <Filter>源文件</Filter>
    </ClCompile>
    <ClCompile Include="mm\NaivePool.cpp">
      <Filter>源文件</Filter>
    </ClCompile>
    <ClCompile Include="global\OS.cpp">
      <Filter>源文件</Filter>
    </ClCompile>
    <ClCompile Include="klib\delete.cpp">
      <Filter>源文件</Filter>
    </ClCompile>
    <ClCompile Include="klib\AtomicC.cpp">
      <Filter>源文件</Filter>
    </ClCompile>
    <ClCompile Include="graphic\Graphic.cpp">
      <Filter>源文件</Filter>
    </ClCompile>
    <ClCompile Include="graphic\DotFont.cpp">
      <Filter>源文件</Filter>
    </ClCompile>
    <ClCompile Include="graphic\Console.cpp">
      <Filter>源文件</Filter>
    </ClCompile>
    <ClCompile Include="graphic\Container.cpp">
      <Filter>源文件</Filter>
    </ClCompile>
    <ClCompile Include="klib\CPU.cpp">
      <Filter>源文件</Filter>
    </ClCompile>
    <ClCompile Include="mm\BucketPool.cpp">
      <Filter>源文件</Filter>
    </ClCompile>
    <ClCompile Include="lib\CListEntry.cpp">
      <Filter>源文件</Filter>
    </ClCompile>
    <ClCompile Include="lib\CString.cpp">
      <Filter>源文件</Filter>
    </ClCompile>
    <ClCompile Include="klib\Memory.cpp">
      <Filter>源文件</Filter>
    </ClCompile>
    <ClCompile Include="klib\i386\SystemTables.cpp">
      <Filter>源文件</Filter>
    </ClCompile>
    <ClCompile Include="mm\i386\PageMapping.cpp">
      <Filter>源文件</Filter>
    </ClCompile>
    <ClCompile Include="mm\PageMapper.cpp">
      <Filter>源文件</Filter>
    </ClCompile>
    <ClCompile Include="mm\PhysicalPageAllocator.cpp">
      <Filter>源文件</Filter>
    </ClCompile>
    <ClCompile Include="mm\VirtualMemoryManager.cpp">
      <Filter>源文件</Filter>
    </ClCompile>
    <ClCompile Include="interrupt\i386\TrapInit.cpp">
      <Filter>源文件</Filter>
    </ClCompile>
    <ClCompile Include="kernel\i386\init.cpp">
      <Filter>源文件</Filter>
    </ClCompile>
    <ClCompile Include="interrupt\InterruptHandler.cpp">
      <Filter>源文件</Filter>
    </ClCompile>
    <ClCompile Include="interrupt\i386\IOInterruptInit.cpp">
      <Filter>源文件</Filter>
    </ClCompile>
    <ClCompile Include="klib\i386\IO.asm">
      <Filter>源文件</Filter>
    </ClCompile>
    <ClCompile Include="interrupt\i386\I82C59AInterruptController.cpp">
      <Filter>源文件</Filter>
    </ClCompile>
    <ClCompile Include="interrupt\IRQ.cpp">
      <Filter>源文件</Filter>
    </ClCompile>
  </ItemGroup>
</Project>